
Microsoft Visual Studio Solution File, Format Version 12.00
# Visual Studio 15
VisualStudioVersion = 15.0.27130.2010
MinimumVisualStudioVersion = 10.0.40219.1
Project("{FAE04EC0-301F-11D3-BF4B-00C04F79EFBC}") = "SmartPhoneLib", "SmartPhoneLib\SmartPhoneLib.csproj", "{54F520FA-E3E4-4DBB-AA6F-706BB2AD5834}"
EndProject
Project("{FAE04EC0-301F-11D3-BF4B-00C04F79EFBC}") = "FactoryTest", "FactoryTest\FactoryTest.csproj", "{6FE295B6-B8D1-4C2E-A34A-468885E13298}"
EndProject
Global
	GlobalSection(SolutionConfigurationPlatforms) = preSolution
		Debug|Any CPU = Debug|Any CPU
		Release|Any CPU = Release|Any CPU
	EndGlobalSection
	GlobalSection(ProjectConfigurationPlatforms) = postSolution
		{54F520FA-E3E4-4DBB-AA6F-706BB2AD5834}.Debug|Any CPU.ActiveCfg = Debug|Any CPU
		{54F520FA-E3E4-4DBB-AA6F-706BB2AD5834}.Debug|Any CPU.Build.0 = Debug|Any CPU
		{54F520FA-E3E4-4DBB-AA6F-706BB2AD5834}.Release|Any CPU.ActiveCfg = Release|Any CPU
		{54F520FA-E3E4-4DBB-AA6F-706BB2AD5834}.Release|Any CPU.Build.0 = Release|Any CPU
		{6FE295B6-B8D1-4C2E-A34A-468885E13298}.Debug|Any CPU.ActiveCfg = Debug|Any CPU
		{6FE295B6-B8D1-4C2E-A34A-468885E13298}.Debug|Any CPU.Build.0 = Debug|Any CPU
		{6FE295B6-B8D1-4C2E-A34A-468885E13298}.Release|Any CPU.ActiveCfg = Release|Any CPU
		{6FE295B6-B8D1-4C2E-A34A-468885E13298}.Release|Any CPU.Build.0 = Release|Any CPU
	EndGlobalSection
	GlobalSection(SolutionProperties) = preSolution
		HideSolutionNode = FALSE
	EndGlobalSection
	GlobalSection(ExtensibilityGlobals) = postSolution
		SolutionGuid = {27EB0381-8742-4E11-80F6-6914F9F65A30}
	EndGlobalSection
EndGlobal
